{
  "name": "trading-trailing-offset-algorithm",
  "version": "1.0.0",
  "lockfileVersion": 1,
  "requires": true,
  "dependencies": {
    "bitmex-data": {
      "version": "1.0.0",
      "resolved": "https://registry.npmjs.org/bitmex-data/-/bitmex-data-1.0.0.tgz",
      "integrity": "sha512-yE/3AFiEbmG2KVEHzpBf69s5/Xwg/7dJBRtrUynIguNHkIzYIjalTr+inM9EE9OSYoY3ipc3OOm+EKP06tDbcQ=="
    }
  }
}
